
Microsoft Visual Studio Solution File, Format Version 12.00
# Visual Studio Version 16
VisualStudioVersion = 16.0.29411.108
MinimumVisualStudioVersion = 10.0.40219.1
Project("{FAE04EC0-301F-11D3-BF4B-00C04F79EFBC}") = "Tree.Api", "Tree.Api\Tree.Api.csproj", "{ACE28732-F864-42B7-810E-5176D1E327C0}"
EndProject
Global
	GlobalSection(SolutionConfigurationPlatforms) = preSolution
		Debug|Any CPU = Debug|Any CPU
		Release|Any CPU = Release|Any CPU
	EndGlobalSection
	GlobalSection(ProjectConfigurationPlatforms) = postSolution
		{ACE28732-F864-42B7-810E-5176D1E327C0}.Debug|Any CPU.ActiveCfg = Debug|Any CPU
		{ACE28732-F864-42B7-810E-5176D1E327C0}.Debug|Any CPU.Build.0 = Debug|Any CPU
		{ACE28732-F864-42B7-810E-5176D1E327C0}.Release|Any CPU.ActiveCfg = Release|Any CPU
		{ACE28732-F864-42B7-810E-5176D1E327C0}.Release|Any CPU.Build.0 = Release|Any CPU
	EndGlobalSection
	GlobalSection(SolutionProperties) = preSolution
		HideSolutionNode = FALSE
	EndGlobalSection
	GlobalSection(ExtensibilityGlobals) = postSolution
		SolutionGuid = {97D247F6-9638-423D-84AB-1E7A5BB3AD15}
	EndGlobalSection
EndGlobal
