
Microsoft Visual Studio Solution File, Format Version 12.00
# Visual Studio Version 16
VisualStudioVersion = 16.0.29215.179
MinimumVisualStudioVersion = 10.0.40219.1
Project("{FAE04EC0-301F-11D3-BF4B-00C04F79EFBC}") = "myMLApp", "myMLApp\myMLApp.csproj", "{4DA5BD09-D836-4B12-ACEE-29482A8FFE40}"
EndProject
Project("{9A19103F-16F7-4668-BE54-9A1E7A4F7556}") = "myMLAppML.Model", "myMLAppML.Model\myMLAppML.Model.csproj", "{55BAFC23-89A7-4F8B-ACCA-1EF21B5982B8}"
EndProject
Project("{9A19103F-16F7-4668-BE54-9A1E7A4F7556}") = "myMLAppML.ConsoleApp", "myMLAppML.ConsoleApp\myMLAppML.ConsoleApp.csproj", "{EE1EA521-EB6E-4076-9C7D-F5ABA2AC6423}"
EndProject
Global
	GlobalSection(SolutionConfigurationPlatforms) = preSolution
		Debug|Any CPU = Debug|Any CPU
		Release|Any CPU = Release|Any CPU
	EndGlobalSection
	GlobalSection(ProjectConfigurationPlatforms) = postSolution
		{4DA5BD09-D836-4B12-ACEE-29482A8FFE40}.Debug|Any CPU.ActiveCfg = Debug|Any CPU
		{4DA5BD09-D836-4B12-ACEE-29482A8FFE40}.Debug|Any CPU.Build.0 = Debug|Any CPU
		{4DA5BD09-D836-4B12-ACEE-29482A8FFE40}.Release|Any CPU.ActiveCfg = Release|Any CPU
		{4DA5BD09-D836-4B12-ACEE-29482A8FFE40}.Release|Any CPU.Build.0 = Release|Any CPU
		{55BAFC23-89A7-4F8B-ACCA-1EF21B5982B8}.Debug|Any CPU.ActiveCfg = Debug|Any CPU
		{55BAFC23-89A7-4F8B-ACCA-1EF21B5982B8}.Debug|Any CPU.Build.0 = Debug|Any CPU
		{55BAFC23-89A7-4F8B-ACCA-1EF21B5982B8}.Release|Any CPU.ActiveCfg = Release|Any CPU
		{55BAFC23-89A7-4F8B-ACCA-1EF21B5982B8}.Release|Any CPU.Build.0 = Release|Any CPU
		{EE1EA521-EB6E-4076-9C7D-F5ABA2AC6423}.Debug|Any CPU.ActiveCfg = Debug|Any CPU
		{EE1EA521-EB6E-4076-9C7D-F5ABA2AC6423}.Debug|Any CPU.Build.0 = Debug|Any CPU
		{EE1EA521-EB6E-4076-9C7D-F5ABA2AC6423}.Release|Any CPU.ActiveCfg = Release|Any CPU
		{EE1EA521-EB6E-4076-9C7D-F5ABA2AC6423}.Release|Any CPU.Build.0 = Release|Any CPU
	EndGlobalSection
	GlobalSection(SolutionProperties) = preSolution
		HideSolutionNode = FALSE
	EndGlobalSection
	GlobalSection(ExtensibilityGlobals) = postSolution
		SolutionGuid = {7BCFC2DD-C20C-4482-9E79-769BB98DF76B}
	EndGlobalSection
EndGlobal
